
Microsoft Visual Studio Solution File, Format Version 12.00
# Visual Studio 15
VisualStudioVersion = 15.0.28307.539
MinimumVisualStudioVersion = 10.0.40219.1
Project("{FAE04EC0-301F-11D3-BF4B-00C04F79EFBC}") = "XF.CustomRenderes.Android", "XF.CustomRenderes\XF.CustomRenderes.Android\XF.CustomRenderes.Android.csproj", "{8CF1CCB6-4AB5-43D7-8D8A-A037337F85BC}"
EndProject
Project("{FAE04EC0-301F-11D3-BF4B-00C04F79EFBC}") = "XF.CustomRenderes.iOS", "XF.CustomRenderes\XF.CustomRenderes.iOS\XF.CustomRenderes.iOS.csproj", "{DF41750D-FA8C-46BE-BEA9-87F6C83F2EBA}"
EndProject
Project("{FAE04EC0-301F-11D3-BF4B-00C04F79EFBC}") = "XF.CustomRenderes", "XF.CustomRenderes\XF.CustomRenderes\XF.CustomRenderes.csproj", "{38A6F9D3-F56B-463F-889D-A9DCB7CE71F4}"
EndProject
Global
	GlobalSection(SolutionConfigurationPlatforms) = preSolution
		Ad-Hoc|Any CPU = Ad-Hoc|Any CPU
		Ad-Hoc|iPhone = Ad-Hoc|iPhone
		Ad-Hoc|iPhoneSimulator = Ad-Hoc|iPhoneSimulator
		AppStore|Any CPU = AppStore|Any CPU
		AppStore|iPhone = AppStore|iPhone
		AppStore|iPhoneSimulator = AppStore|iPhoneSimulator
		Debug|Any CPU = Debug|Any CPU
		Debug|iPhone = Debug|iPhone
		Debug|iPhoneSimulator = Debug|iPhoneSimulator
		Release|Any CPU = Release|Any CPU
		Release|iPhone = Release|iPhone
		Release|iPhoneSimulator = Release|iPhoneSimulator
	EndGlobalSection
	GlobalSection(ProjectConfigurationPlatforms) = postSolution
		{8CF1CCB6-4AB5-43D7-8D8A-A037337F85BC}.Ad-Hoc|Any CPU.ActiveCfg = Release|Any CPU
		{8CF1CCB6-4AB5-43D7-8D8A-A037337F85BC}.Ad-Hoc|Any CPU.Build.0 = Release|Any CPU
		{8CF1CCB6-4AB5-43D7-8D8A-A037337F85BC}.Ad-Hoc|Any CPU.Deploy.0 = Release|Any CPU
		{8CF1CCB6-4AB5-43D7-8D8A-A037337F85BC}.Ad-Hoc|iPhone.ActiveCfg = Release|Any CPU
		{8CF1CCB6-4AB5-43D7-8D8A-A037337F85BC}.Ad-Hoc|iPhone.Build.0 = Release|Any CPU
		{8CF1CCB6-4AB5-43D7-8D8A-A037337F85BC}.Ad-Hoc|iPhone.Deploy.0 = Release|Any CPU
		{8CF1CCB6-4AB5-43D7-8D8A-A037337F85BC}.Ad-Hoc|iPhoneSimulator.ActiveCfg = Release|Any CPU
		{8CF1CCB6-4AB5-43D7-8D8A-A037337F85BC}.Ad-Hoc|iPhoneSimulator.Build.0 = Release|Any CPU
		{8CF1CCB6-4AB5-43D7-8D8A-A037337F85BC}.Ad-Hoc|iPhoneSimulator.Deploy.0 = Release|Any CPU
		{8CF1CCB6-4AB5-43D7-8D8A-A037337F85BC}.AppStore|Any CPU.ActiveCfg = Release|Any CPU
		{8CF1CCB6-4AB5-43D7-8D8A-A037337F85BC}.AppStore|Any CPU.Build.0 = Release|Any CPU
		{8CF1CCB6-4AB5-43D7-8D8A-A037337F85BC}.AppStore|Any CPU.Deploy.0 = Release|Any CPU
		{8CF1CCB6-4AB5-43D7-8D8A-A037337F85BC}.AppStore|iPhone.ActiveCfg = Release|Any CPU
		{8CF1CCB6-4AB5-43D7-8D8A-A037337F85BC}.AppStore|iPhone.Build.0 = Release|Any CPU
		{8CF1CCB6-4AB5-43D7-8D8A-A037337F85BC}.AppStore|iPhone.Deploy.0 = Release|Any CPU
		{8CF1CCB6-4AB5-43D7-8D8A-A037337F85BC}.AppStore|iPhoneSimulator.ActiveCfg = Release|Any CPU
		{8CF1CCB6-4AB5-43D7-8D8A-A037337F85BC}.AppStore|iPhoneSimulator.Build.0 = Release|Any CPU
		{8CF1CCB6-4AB5-43D7-8D8A-A037337F85BC}.AppStore|iPhoneSimulator.Deploy.0 = Release|Any CPU
		{8CF1CCB6-4AB5-43D7-8D8A-A037337F85BC}.Debug|Any CPU.ActiveCfg = Debug|Any CPU
		{8CF1CCB6-4AB5-43D7-8D8A-A037337F85BC}.Debug|Any CPU.Build.0 = Debug|Any CPU
		{8CF1CCB6-4AB5-43D7-8D8A-A037337F85BC}.Debug|Any CPU.Deploy.0 = Debug|Any CPU
		{8CF1CCB6-4AB5-43D7-8D8A-A037337F85BC}.Debug|iPhone.ActiveCfg = Debug|Any CPU
		{8CF1CCB6-4AB5-43D7-8D8A-A037337F85BC}.Debug|iPhone.Build.0 = Debug|Any CPU
		{8CF1CCB6-4AB5-43D7-8D8A-A037337F85BC}.Debug|iPhone.Deploy.0 = Debug|Any CPU
		{8CF1CCB6-4AB5-43D7-8D8A-A037337F85BC}.Debug|iPhoneSimulator.ActiveCfg = Debug|Any CPU
		{8CF1CCB6-4AB5-43D7-8D8A-A037337F85BC}.Debug|iPhoneSimulator.Build.0 = Debug|Any CPU
		{8CF1CCB6-4AB5-43D7-8D8A-A037337F85BC}.Debug|iPhoneSimulator.Deploy.0 = Debug|Any CPU
		{8CF1CCB6-4AB5-43D7-8D8A-A037337F85BC}.Release|Any CPU.ActiveCfg = Release|Any CPU
		{8CF1CCB6-4AB5-43D7-8D8A-A037337F85BC}.Release|Any CPU.Build.0 = Release|Any CPU
		{8CF1CCB6-4AB5-43D7-8D8A-A037337F85BC}.Release|Any CPU.Deploy.0 = Release|Any CPU
		{8CF1CCB6-4AB5-43D7-8D8A-A037337F85BC}.Release|iPhone.ActiveCfg = Release|Any CPU
		{8CF1CCB6-4AB5-43D7-8D8A-A037337F85BC}.Release|iPhone.Build.0 = Release|Any CPU
		{8CF1CCB6-4AB5-43D7-8D8A-A037337F85BC}.Release|iPhone.Deploy.0 = Release|Any CPU
		{8CF1CCB6-4AB5-43D7-8D8A-A037337F85BC}.Release|iPhoneSimulator.ActiveCfg = Release|Any CPU
		{8CF1CCB6-4AB5-43D7-8D8A-A037337F85BC}.Release|iPhoneSimulator.Build.0 = Release|Any CPU
		{8CF1CCB6-4AB5-43D7-8D8A-A037337F85BC}.Release|iPhoneSimulator.Deploy.0 = Release|Any CPU
		{DF41750D-FA8C-46BE-BEA9-87F6C83F2EBA}.Ad-Hoc|Any CPU.ActiveCfg = Ad-Hoc|iPhone
		{DF41750D-FA8C-46BE-BEA9-87F6C83F2EBA}.Ad-Hoc|Any CPU.Build.0 = Ad-Hoc|iPhone
		{DF41750D-FA8C-46BE-BEA9-87F6C83F2EBA}.Ad-Hoc|Any CPU.Deploy.0 = Ad-Hoc|iPhone
		{DF41750D-FA8C-46BE-BEA9-87F6C83F2EBA}.Ad-Hoc|iPhone.ActiveCfg = Ad-Hoc|iPhone
		{DF41750D-FA8C-46BE-BEA9-87F6C83F2EBA}.Ad-Hoc|iPhone.Build.0 = Ad-Hoc|iPhone
		{DF41750D-FA8C-46BE-BEA9-87F6C83F2EBA}.Ad-Hoc|iPhone.Deploy.0 = Ad-Hoc|iPhone
		{DF41750D-FA8C-46BE-BEA9-87F6C83F2EBA}.Ad-Hoc|iPhoneSimulator.ActiveCfg = Ad-Hoc|iPhoneSimulator
		{DF41750D-FA8C-46BE-BEA9-87F6C83F2EBA}.Ad-Hoc|iPhoneSimulator.Build.0 = Ad-Hoc|iPhoneSimulator
		{DF41750D-FA8C-46BE-BEA9-87F6C83F2EBA}.Ad-Hoc|iPhoneSimulator.Deploy.0 = Ad-Hoc|iPhoneSimulator
		{DF41750D-FA8C-46BE-BEA9-87F6C83F2EBA}.AppStore|Any CPU.ActiveCfg = AppStore|iPhone
		{DF41750D-FA8C-46BE-BEA9-87F6C83F2EBA}.AppStore|Any CPU.Build.0 = AppStore|iPhone
		{DF41750D-FA8C-46BE-BEA9-87F6C83F2EBA}.AppStore|Any CPU.Deploy.0 = AppStore|iPhone
		{DF41750D-FA8C-46BE-BEA9-87F6C83F2EBA}.AppStore|iPhone.ActiveCfg = AppStore|iPhone
		{DF41750D-FA8C-46BE-BEA9-87F6C83F2EBA}.AppStore|iPhone.Build.0 = AppStore|iPhone
		{DF41750D-FA8C-46BE-BEA9-87F6C83F2EBA}.AppStore|iPhone.Deploy.0 = AppStore|iPhone
		{DF41750D-FA8C-46BE-BEA9-87F6C83F2EBA}.AppStore|iPhoneSimulator.ActiveCfg = AppStore|iPhoneSimulator
		{DF41750D-FA8C-46BE-BEA9-87F6C83F2EBA}.AppStore|iPhoneSimulator.Build.0 = AppStore|iPhoneSimulator
		{DF41750D-FA8C-46BE-BEA9-87F6C83F2EBA}.AppStore|iPhoneSimulator.Deploy.0 = AppStore|iPhoneSimulator
		{DF41750D-FA8C-46BE-BEA9-87F6C83F2EBA}.Debug|Any CPU.ActiveCfg = Debug|iPhoneSimulator
		{DF41750D-FA8C-46BE-BEA9-87F6C83F2EBA}.Debug|Any CPU.Build.0 = Debug|iPhoneSimulator
		{DF41750D-FA8C-46BE-BEA9-87F6C83F2EBA}.Debug|Any CPU.Deploy.0 = Debug|iPhoneSimulator
		{DF41750D-FA8C-46BE-BEA9-87F6C83F2EBA}.Debug|iPhone.ActiveCfg = Debug|iPhone
		{DF41750D-FA8C-46BE-BEA9-87F6C83F2EBA}.Debug|iPhone.Build.0 = Debug|iPhone
		{DF41750D-FA8C-46BE-BEA9-87F6C83F2EBA}.Debug|iPhone.Deploy.0 = Debug|iPhone
		{DF41750D-FA8C-46BE-BEA9-87F6C83F2EBA}.Debug|iPhoneSimulator.ActiveCfg = Debug|iPhoneSimulator
		{DF41750D-FA8C-46BE-BEA9-87F6C83F2EBA}.Debug|iPhoneSimulator.Build.0 = Debug|iPhoneSimulator
		{DF41750D-FA8C-46BE-BEA9-87F6C83F2EBA}.Debug|iPhoneSimulator.Deploy.0 = Debug|iPhoneSimulator
		{DF41750D-FA8C-46BE-BEA9-87F6C83F2EBA}.Release|Any CPU.ActiveCfg = Release|iPhone
		{DF41750D-FA8C-46BE-BEA9-87F6C83F2EBA}.Release|Any CPU.Build.0 = Release|iPhone
		{DF41750D-FA8C-46BE-BEA9-87F6C83F2EBA}.Release|Any CPU.Deploy.0 = Release|iPhone
		{DF41750D-FA8C-46BE-BEA9-87F6C83F2EBA}.Release|iPhone.ActiveCfg = Release|iPhone
		{DF41750D-FA8C-46BE-BEA9-87F6C83F2EBA}.Release|iPhone.Build.0 = Release|iPhone
		{DF41750D-FA8C-46BE-BEA9-87F6C83F2EBA}.Release|iPhone.Deploy.0 = Release|iPhone
		{DF41750D-FA8C-46BE-BEA9-87F6C83F2EBA}.Release|iPhoneSimulator.ActiveCfg = Release|iPhoneSimulator
		{DF41750D-FA8C-46BE-BEA9-87F6C83F2EBA}.Release|iPhoneSimulator.Build.0 = Release|iPhoneSimulator
		{DF41750D-FA8C-46BE-BEA9-87F6C83F2EBA}.Release|iPhoneSimulator.Deploy.0 = Release|iPhoneSimulator
		{38A6F9D3-F56B-463F-889D-A9DCB7CE71F4}.Ad-Hoc|Any CPU.ActiveCfg = Debug|Any CPU
		{38A6F9D3-F56B-463F-889D-A9DCB7CE71F4}.Ad-Hoc|Any CPU.Build.0 = Debug|Any CPU
		{38A6F9D3-F56B-463F-889D-A9DCB7CE71F4}.Ad-Hoc|Any CPU.Deploy.0 = Debug|Any CPU
		{38A6F9D3-F56B-463F-889D-A9DCB7CE71F4}.Ad-Hoc|iPhone.ActiveCfg = Debug|Any CPU
		{38A6F9D3-F56B-463F-889D-A9DCB7CE71F4}.Ad-Hoc|iPhone.Build.0 = Debug|Any CPU
		{38A6F9D3-F56B-463F-889D-A9DCB7CE71F4}.Ad-Hoc|iPhone.Deploy.0 = Debug|Any CPU
		{38A6F9D3-F56B-463F-889D-A9DCB7CE71F4}.Ad-Hoc|iPhoneSimulator.ActiveCfg = Debug|Any CPU
		{38A6F9D3-F56B-463F-889D-A9DCB7CE71F4}.Ad-Hoc|iPhoneSimulator.Build.0 = Debug|Any CPU
		{38A6F9D3-F56B-463F-889D-A9DCB7CE71F4}.Ad-Hoc|iPhoneSimulator.Deploy.0 = Debug|Any CPU
		{38A6F9D3-F56B-463F-889D-A9DCB7CE71F4}.AppStore|Any CPU.ActiveCfg = Debug|Any CPU
		{38A6F9D3-F56B-463F-889D-A9DCB7CE71F4}.AppStore|Any CPU.Build.0 = Debug|Any CPU
		{38A6F9D3-F56B-463F-889D-A9DCB7CE71F4}.AppStore|Any CPU.Deploy.0 = Debug|Any CPU
		{38A6F9D3-F56B-463F-889D-A9DCB7CE71F4}.AppStore|iPhone.ActiveCfg = Debug|Any CPU
		{38A6F9D3-F56B-463F-889D-A9DCB7CE71F4}.AppStore|iPhone.Build.0 = Debug|Any CPU
		{38A6F9D3-F56B-463F-889D-A9DCB7CE71F4}.AppStore|iPhone.Deploy.0 = Debug|Any CPU
		{38A6F9D3-F56B-463F-889D-A9DCB7CE71F4}.AppStore|iPhoneSimulator.ActiveCfg = Debug|Any CPU
		{38A6F9D3-F56B-463F-889D-A9DCB7CE71F4}.AppStore|iPhoneSimulator.Build.0 = Debug|Any CPU
		{38A6F9D3-F56B-463F-889D-A9DCB7CE71F4}.AppStore|iPhoneSimulator.Deploy.0 = Debug|Any CPU
		{38A6F9D3-F56B-463F-889D-A9DCB7CE71F4}.Debug|Any CPU.ActiveCfg = Debug|Any CPU
		{38A6F9D3-F56B-463F-889D-A9DCB7CE71F4}.Debug|Any CPU.Build.0 = Debug|Any CPU
		{38A6F9D3-F56B-463F-889D-A9DCB7CE71F4}.Debug|Any CPU.Deploy.0 = Debug|Any CPU
		{38A6F9D3-F56B-463F-889D-A9DCB7CE71F4}.Debug|iPhone.ActiveCfg = Debug|Any CPU
		{38A6F9D3-F56B-463F-889D-A9DCB7CE71F4}.Debug|iPhone.Build.0 = Debug|Any CPU
		{38A6F9D3-F56B-463F-889D-A9DCB7CE71F4}.Debug|iPhone.Deploy.0 = Debug|Any CPU
		{38A6F9D3-F56B-463F-889D-A9DCB7CE71F4}.Debug|iPhoneSimulator.ActiveCfg = Debug|Any CPU
		{38A6F9D3-F56B-463F-889D-A9DCB7CE71F4}.Debug|iPhoneSimulator.Build.0 = Debug|Any CPU
		{38A6F9D3-F56B-463F-889D-A9DCB7CE71F4}.Debug|iPhoneSimulator.Deploy.0 = Debug|Any CPU
		{38A6F9D3-F56B-463F-889D-A9DCB7CE71F4}.Release|Any CPU.ActiveCfg = Release|Any CPU
		{38A6F9D3-F56B-463F-889D-A9DCB7CE71F4}.Release|Any CPU.Build.0 = Release|Any CPU
		{38A6F9D3-F56B-463F-889D-A9DCB7CE71F4}.Release|Any CPU.Deploy.0 = Release|Any CPU
		{38A6F9D3-F56B-463F-889D-A9DCB7CE71F4}.Release|iPhone.ActiveCfg = Release|Any CPU
		{38A6F9D3-F56B-463F-889D-A9DCB7CE71F4}.Release|iPhone.Build.0 = Release|Any CPU
		{38A6F9D3-F56B-463F-889D-A9DCB7CE71F4}.Release|iPhone.Deploy.0 = Release|Any CPU
		{38A6F9D3-F56B-463F-889D-A9DCB7CE71F4}.Release|iPhoneSimulator.ActiveCfg = Release|Any CPU
		{38A6F9D3-F56B-463F-889D-A9DCB7CE71F4}.Release|iPhoneSimulator.Build.0 = Release|Any CPU
		{38A6F9D3-F56B-463F-889D-A9DCB7CE71F4}.Release|iPhoneSimulator.Deploy.0 = Release|Any CPU
	EndGlobalSection
	GlobalSection(SolutionProperties) = preSolution
		HideSolutionNode = FALSE
	EndGlobalSection
	GlobalSection(ExtensibilityGlobals) = postSolution
		SolutionGuid = {4419D780-E463-41A6-B8C4-1434E8CDBAAA}
	EndGlobalSection
EndGlobal
